
Microsoft Visual Studio Solution File, Format Version 12.00
# Visual Studio Version 16
VisualStudioVersion = 16.0.29009.5
MinimumVisualStudioVersion = 10.0.40219.1
Project("{2150E333-8FDC-42A3-9474-1A3956D46DE8}") = "Backend", "Backend", "{AE3E98DB-35C1-42D8-AB6D-DE37189DDAA1}"
EndProject
Project("{2150E333-8FDC-42A3-9474-1A3956D46DE8}") = "3 - Application", "3 - Application", "{8941C48B-849B-4625-B5F8-0EF567135BC0}"
EndProject
Project("{2150E333-8FDC-42A3-9474-1A3956D46DE8}") = "4 - Domain", "4 - Domain", "{988F2F26-89C2-4C44-B1BB-42C394832A4E}"
EndProject
Project("{2150E333-8FDC-42A3-9474-1A3956D46DE8}") = "5 - Infra", "5 - Infra", "{04CCC7F8-8AF7-4965-B2EF-2E28331BE421}"
EndProject
Project("{2150E333-8FDC-42A3-9474-1A3956D46DE8}") = "5.1 - Data", "5.1 - Data", "{DCCD4FD6-B437-4586-B932-7AC40EF86A71}"
EndProject
Project("{2150E333-8FDC-42A3-9474-1A3956D46DE8}") = "5.2 - CrossCutting", "5.2 - CrossCutting", "{68258835-A222-468B-84F5-441AD58BCD51}"
EndProject
Project("{9A19103F-16F7-4668-BE54-9A1E7A4F7556}") = "Jp.Domain", "Backend\Jp.Domain\Jp.Domain.csproj", "{906E381B-85D8-4AEC-9DD0-48F4117FDD9D}"
EndProject
Project("{9A19103F-16F7-4668-BE54-9A1E7A4F7556}") = "Jp.Application", "Backend\Jp.Application\Jp.Application.csproj", "{8EA27390-8455-48EA-ABCB-881272BCE68A}"
EndProject
Project("{9A19103F-16F7-4668-BE54-9A1E7A4F7556}") = "Jp.Infra.CrossCutting.Identity", "Backend\Jp.Infra.CrossCutting.Identity\Jp.Infra.CrossCutting.Identity.csproj", "{37C44A01-20FE-4B09-8435-47164F08C0C8}"
EndProject
Project("{9A19103F-16F7-4668-BE54-9A1E7A4F7556}") = "Jp.Domain.Core", "Backend\Jp.Domain.Core\Jp.Domain.Core.csproj", "{A9CB4A5C-DCF4-4F87-83C2-2D6A34C6E2BA}"
EndProject
Project("{9A19103F-16F7-4668-BE54-9A1E7A4F7556}") = "Jp.Infra.CrossCutting.Bus", "Backend\Jp.Infra.CrossCutting.Bus\Jp.Infra.CrossCutting.Bus.csproj", "{7C9495CE-AEC5-44CB-9D9C-1150DF99F817}"
EndProject
Project("{2150E333-8FDC-42A3-9474-1A3956D46DE8}") = "2 - Services", "2 - Services", "{A5EBFB52-C5C5-4F98-B441-E48DA9CA5744}"
EndProject
Project("{9A19103F-16F7-4668-BE54-9A1E7A4F7556}") = "Jp.Infra.Data", "Backend\Jp.Infra.Data\Jp.Infra.Data.csproj", "{8B1388DE-66DC-420A-8D05-E28D5379409D}"
EndProject
Project("{2150E333-8FDC-42A3-9474-1A3956D46DE8}") = "1 - Presentation", "1 - Presentation", "{701F6D0B-F106-42BC-BA78-F45E613D5501}"
EndProject
Project("{9A19103F-16F7-4668-BE54-9A1E7A4F7556}") = "Jp.Infra.CrossCutting.Tools", "Backend\Jp.Infra.CrossCutting.Tools\Jp.Infra.CrossCutting.Tools.csproj", "{3071C652-6DF8-4BA1-8767-A833C4172163}"
EndProject
Project("{9A19103F-16F7-4668-BE54-9A1E7A4F7556}") = "Jp.Infra.CrossCutting.IoC", "Backend\Jp.Infra.CrossCutting.IoC\Jp.Infra.CrossCutting.IoC.csproj", "{A56C9AC5-FE82-41D5-A59F-8460F7110569}"
EndProject
Project("{9A19103F-16F7-4668-BE54-9A1E7A4F7556}") = "Jp.Management", "Backend\Jp.UserManagement\Jp.Management.csproj", "{14A3F6B3-2B5B-43BF-A458-AA41F07365E4}"
EndProject
Project("{9A19103F-16F7-4668-BE54-9A1E7A4F7556}") = "Jp.Infra.CrossCutting.IdentityServer", "Backend\Jp.Infra.CrossCutting.IdentityServer\Jp.Infra.CrossCutting.IdentityServer.csproj", "{F1CE538A-D12B-430F-8CC1-47A1797B7679}"
EndProject
Project("{9A19103F-16F7-4668-BE54-9A1E7A4F7556}") = "Jp.UI.SSO", "Frontend\Jp.UI.SSO\Jp.UI.SSO.csproj", "{CF7B5562-179E-44EB-B7E3-7096698A46E7}"
EndProject
Project("{2150E333-8FDC-42A3-9474-1A3956D46DE8}") = "Tests", "Tests", "{35B84287-F2B3-49AA-8D4F-91D704B16944}"
EndProject
Project("{9A19103F-16F7-4668-BE54-9A1E7A4F7556}") = "JpProject.Domain.Tests", "..\tests\JpProject.Domain.Tests\JpProject.Domain.Tests.csproj", "{63C7030B-3425-429C-9F93-CD7B3B0C42A9}"
EndProject
Project("{9A19103F-16F7-4668-BE54-9A1E7A4F7556}") = "Jp.Infra.CrossCutting.Database", "Backend\Jp.Infra.CrossCutting.Database\Jp.Infra.CrossCutting.Database.csproj", "{F61DB012-E589-4F08-9F9F-667221FED35A}"
EndProject
Project("{9A19103F-16F7-4668-BE54-9A1E7A4F7556}") = "Jp.Infra.Data.MySql", "Backend\Jp.Infra.Data.MySql\Jp.Infra.Data.MySql.csproj", "{8EE8888F-BAEE-49C7-BC19-29D7A1A00ACE}"
EndProject
Project("{9A19103F-16F7-4668-BE54-9A1E7A4F7556}") = "Jp.Infra.Data.PostgreSQL", "Backend\Jp.Infra.Data.PostgreSQL\Jp.Infra.Data.PostgreSQL.csproj", "{AFAA0359-7ABF-484C-8109-F110A3E05206}"
EndProject
Project("{9A19103F-16F7-4668-BE54-9A1E7A4F7556}") = "Jp.Infra.Data.Sql", "Backend\Jp.Infra.Data.Sql\Jp.Infra.Data.Sql.csproj", "{FE02E3F1-E70A-46BB-966A-4F64FF5E81B8}"
EndProject
Global
	GlobalSection(SolutionConfigurationPlatforms) = preSolution
		Debug|Any CPU = Debug|Any CPU
		Release|Any CPU = Release|Any CPU
	EndGlobalSection
	GlobalSection(ProjectConfigurationPlatforms) = postSolution
		{906E381B-85D8-4AEC-9DD0-48F4117FDD9D}.Debug|Any CPU.ActiveCfg = Debug|Any CPU
		{906E381B-85D8-4AEC-9DD0-48F4117FDD9D}.Debug|Any CPU.Build.0 = Debug|Any CPU
		{906E381B-85D8-4AEC-9DD0-48F4117FDD9D}.Release|Any CPU.ActiveCfg = Release|Any CPU
		{906E381B-85D8-4AEC-9DD0-48F4117FDD9D}.Release|Any CPU.Build.0 = Release|Any CPU
		{8EA27390-8455-48EA-ABCB-881272BCE68A}.Debug|Any CPU.ActiveCfg = Debug|Any CPU
		{8EA27390-8455-48EA-ABCB-881272BCE68A}.Debug|Any CPU.Build.0 = Debug|Any CPU
		{8EA27390-8455-48EA-ABCB-881272BCE68A}.Release|Any CPU.ActiveCfg = Release|Any CPU
		{8EA27390-8455-48EA-ABCB-881272BCE68A}.Release|Any CPU.Build.0 = Release|Any CPU
		{37C44A01-20FE-4B09-8435-47164F08C0C8}.Debug|Any CPU.ActiveCfg = Debug|Any CPU
		{37C44A01-20FE-4B09-8435-47164F08C0C8}.Debug|Any CPU.Build.0 = Debug|Any CPU
		{37C44A01-20FE-4B09-8435-47164F08C0C8}.Release|Any CPU.ActiveCfg = Release|Any CPU
		{37C44A01-20FE-4B09-8435-47164F08C0C8}.Release|Any CPU.Build.0 = Release|Any CPU
		{A9CB4A5C-DCF4-4F87-83C2-2D6A34C6E2BA}.Debug|Any CPU.ActiveCfg = Debug|Any CPU
		{A9CB4A5C-DCF4-4F87-83C2-2D6A34C6E2BA}.Debug|Any CPU.Build.0 = Debug|Any CPU
		{A9CB4A5C-DCF4-4F87-83C2-2D6A34C6E2BA}.Release|Any CPU.ActiveCfg = Release|Any CPU
		{A9CB4A5C-DCF4-4F87-83C2-2D6A34C6E2BA}.Release|Any CPU.Build.0 = Release|Any CPU
		{7C9495CE-AEC5-44CB-9D9C-1150DF99F817}.Debug|Any CPU.ActiveCfg = Debug|Any CPU
		{7C9495CE-AEC5-44CB-9D9C-1150DF99F817}.Debug|Any CPU.Build.0 = Debug|Any CPU
		{7C9495CE-AEC5-44CB-9D9C-1150DF99F817}.Release|Any CPU.ActiveCfg = Release|Any CPU
		{7C9495CE-AEC5-44CB-9D9C-1150DF99F817}.Release|Any CPU.Build.0 = Release|Any CPU
		{8B1388DE-66DC-420A-8D05-E28D5379409D}.Debug|Any CPU.ActiveCfg = Debug|Any CPU
		{8B1388DE-66DC-420A-8D05-E28D5379409D}.Debug|Any CPU.Build.0 = Debug|Any CPU
		{8B1388DE-66DC-420A-8D05-E28D5379409D}.Release|Any CPU.ActiveCfg = Release|Any CPU
		{8B1388DE-66DC-420A-8D05-E28D5379409D}.Release|Any CPU.Build.0 = Release|Any CPU
		{3071C652-6DF8-4BA1-8767-A833C4172163}.Debug|Any CPU.ActiveCfg = Debug|Any CPU
		{3071C652-6DF8-4BA1-8767-A833C4172163}.Debug|Any CPU.Build.0 = Debug|Any CPU
		{3071C652-6DF8-4BA1-8767-A833C4172163}.Release|Any CPU.ActiveCfg = Release|Any CPU
		{3071C652-6DF8-4BA1-8767-A833C4172163}.Release|Any CPU.Build.0 = Release|Any CPU
		{A56C9AC5-FE82-41D5-A59F-8460F7110569}.Debug|Any CPU.ActiveCfg = Debug|Any CPU
		{A56C9AC5-FE82-41D5-A59F-8460F7110569}.Debug|Any CPU.Build.0 = Debug|Any CPU
		{A56C9AC5-FE82-41D5-A59F-8460F7110569}.Release|Any CPU.ActiveCfg = Release|Any CPU
		{A56C9AC5-FE82-41D5-A59F-8460F7110569}.Release|Any CPU.Build.0 = Release|Any CPU
		{14A3F6B3-2B5B-43BF-A458-AA41F07365E4}.Debug|Any CPU.ActiveCfg = Debug|Any CPU
		{14A3F6B3-2B5B-43BF-A458-AA41F07365E4}.Debug|Any CPU.Build.0 = Debug|Any CPU
		{14A3F6B3-2B5B-43BF-A458-AA41F07365E4}.Release|Any CPU.ActiveCfg = Release|Any CPU
		{14A3F6B3-2B5B-43BF-A458-AA41F07365E4}.Release|Any CPU.Build.0 = Release|Any CPU
		{F1CE538A-D12B-430F-8CC1-47A1797B7679}.Debug|Any CPU.ActiveCfg = Debug|Any CPU
		{F1CE538A-D12B-430F-8CC1-47A1797B7679}.Debug|Any CPU.Build.0 = Debug|Any CPU
		{F1CE538A-D12B-430F-8CC1-47A1797B7679}.Release|Any CPU.ActiveCfg = Release|Any CPU
		{F1CE538A-D12B-430F-8CC1-47A1797B7679}.Release|Any CPU.Build.0 = Release|Any CPU
		{CF7B5562-179E-44EB-B7E3-7096698A46E7}.Debug|Any CPU.ActiveCfg = Debug|Any CPU
		{CF7B5562-179E-44EB-B7E3-7096698A46E7}.Debug|Any CPU.Build.0 = Debug|Any CPU
		{CF7B5562-179E-44EB-B7E3-7096698A46E7}.Release|Any CPU.ActiveCfg = Release|Any CPU
		{CF7B5562-179E-44EB-B7E3-7096698A46E7}.Release|Any CPU.Build.0 = Release|Any CPU
		{63C7030B-3425-429C-9F93-CD7B3B0C42A9}.Debug|Any CPU.ActiveCfg = Debug|Any CPU
		{63C7030B-3425-429C-9F93-CD7B3B0C42A9}.Debug|Any CPU.Build.0 = Debug|Any CPU
		{63C7030B-3425-429C-9F93-CD7B3B0C42A9}.Release|Any CPU.ActiveCfg = Release|Any CPU
		{63C7030B-3425-429C-9F93-CD7B3B0C42A9}.Release|Any CPU.Build.0 = Release|Any CPU
		{F61DB012-E589-4F08-9F9F-667221FED35A}.Debug|Any CPU.ActiveCfg = Debug|Any CPU
		{F61DB012-E589-4F08-9F9F-667221FED35A}.Debug|Any CPU.Build.0 = Debug|Any CPU
		{F61DB012-E589-4F08-9F9F-667221FED35A}.Release|Any CPU.ActiveCfg = Release|Any CPU
		{F61DB012-E589-4F08-9F9F-667221FED35A}.Release|Any CPU.Build.0 = Release|Any CPU
		{8EE8888F-BAEE-49C7-BC19-29D7A1A00ACE}.Debug|Any CPU.ActiveCfg = Debug|Any CPU
		{8EE8888F-BAEE-49C7-BC19-29D7A1A00ACE}.Debug|Any CPU.Build.0 = Debug|Any CPU
		{8EE8888F-BAEE-49C7-BC19-29D7A1A00ACE}.Release|Any CPU.ActiveCfg = Release|Any CPU
		{8EE8888F-BAEE-49C7-BC19-29D7A1A00ACE}.Release|Any CPU.Build.0 = Release|Any CPU
		{AFAA0359-7ABF-484C-8109-F110A3E05206}.Debug|Any CPU.ActiveCfg = Debug|Any CPU
		{AFAA0359-7ABF-484C-8109-F110A3E05206}.Debug|Any CPU.Build.0 = Debug|Any CPU
		{AFAA0359-7ABF-484C-8109-F110A3E05206}.Release|Any CPU.ActiveCfg = Release|Any CPU
		{AFAA0359-7ABF-484C-8109-F110A3E05206}.Release|Any CPU.Build.0 = Release|Any CPU
		{FE02E3F1-E70A-46BB-966A-4F64FF5E81B8}.Debug|Any CPU.ActiveCfg = Debug|Any CPU
		{FE02E3F1-E70A-46BB-966A-4F64FF5E81B8}.Debug|Any CPU.Build.0 = Debug|Any CPU
		{FE02E3F1-E70A-46BB-966A-4F64FF5E81B8}.Release|Any CPU.ActiveCfg = Release|Any CPU
		{FE02E3F1-E70A-46BB-966A-4F64FF5E81B8}.Release|Any CPU.Build.0 = Release|Any CPU
	EndGlobalSection
	GlobalSection(SolutionProperties) = preSolution
		HideSolutionNode = FALSE
	EndGlobalSection
	GlobalSection(NestedProjects) = preSolution
		{8941C48B-849B-4625-B5F8-0EF567135BC0} = {AE3E98DB-35C1-42D8-AB6D-DE37189DDAA1}
		{988F2F26-89C2-4C44-B1BB-42C394832A4E} = {AE3E98DB-35C1-42D8-AB6D-DE37189DDAA1}
		{04CCC7F8-8AF7-4965-B2EF-2E28331BE421} = {AE3E98DB-35C1-42D8-AB6D-DE37189DDAA1}
		{DCCD4FD6-B437-4586-B932-7AC40EF86A71} = {04CCC7F8-8AF7-4965-B2EF-2E28331BE421}
		{68258835-A222-468B-84F5-441AD58BCD51} = {04CCC7F8-8AF7-4965-B2EF-2E28331BE421}
		{906E381B-85D8-4AEC-9DD0-48F4117FDD9D} = {988F2F26-89C2-4C44-B1BB-42C394832A4E}
		{8EA27390-8455-48EA-ABCB-881272BCE68A} = {8941C48B-849B-4625-B5F8-0EF567135BC0}
		{37C44A01-20FE-4B09-8435-47164F08C0C8} = {68258835-A222-468B-84F5-441AD58BCD51}
		{A9CB4A5C-DCF4-4F87-83C2-2D6A34C6E2BA} = {988F2F26-89C2-4C44-B1BB-42C394832A4E}
		{7C9495CE-AEC5-44CB-9D9C-1150DF99F817} = {68258835-A222-468B-84F5-441AD58BCD51}
		{A5EBFB52-C5C5-4F98-B441-E48DA9CA5744} = {AE3E98DB-35C1-42D8-AB6D-DE37189DDAA1}
		{8B1388DE-66DC-420A-8D05-E28D5379409D} = {DCCD4FD6-B437-4586-B932-7AC40EF86A71}
		{701F6D0B-F106-42BC-BA78-F45E613D5501} = {AE3E98DB-35C1-42D8-AB6D-DE37189DDAA1}
		{3071C652-6DF8-4BA1-8767-A833C4172163} = {68258835-A222-468B-84F5-441AD58BCD51}
		{A56C9AC5-FE82-41D5-A59F-8460F7110569} = {68258835-A222-468B-84F5-441AD58BCD51}
		{14A3F6B3-2B5B-43BF-A458-AA41F07365E4} = {A5EBFB52-C5C5-4F98-B441-E48DA9CA5744}
		{F1CE538A-D12B-430F-8CC1-47A1797B7679} = {68258835-A222-468B-84F5-441AD58BCD51}
		{CF7B5562-179E-44EB-B7E3-7096698A46E7} = {701F6D0B-F106-42BC-BA78-F45E613D5501}
		{63C7030B-3425-429C-9F93-CD7B3B0C42A9} = {35B84287-F2B3-49AA-8D4F-91D704B16944}
		{F61DB012-E589-4F08-9F9F-667221FED35A} = {68258835-A222-468B-84F5-441AD58BCD51}
		{8EE8888F-BAEE-49C7-BC19-29D7A1A00ACE} = {DCCD4FD6-B437-4586-B932-7AC40EF86A71}
		{AFAA0359-7ABF-484C-8109-F110A3E05206} = {DCCD4FD6-B437-4586-B932-7AC40EF86A71}
		{FE02E3F1-E70A-46BB-966A-4F64FF5E81B8} = {DCCD4FD6-B437-4586-B932-7AC40EF86A71}
	EndGlobalSection
	GlobalSection(ExtensibilityGlobals) = postSolution
		SolutionGuid = {F62CA078-A991-4001-A117-1F2726248D4F}
	EndGlobalSection
EndGlobal
